
Microsoft Visual Studio Solution File, Format Version 12.00
Project("{FAE04EC0-301F-11D3-BF4B-00C04F79EFBC}") = "WypozyczalniaRowerow", "WypozyczalniaRowerow\WypozyczalniaRowerow.csproj", "{74BDE345-3E55-4E78-BC8E-3AFA8D28B0EE}"
EndProject
Global
	GlobalSection(SolutionConfigurationPlatforms) = preSolution
		Debug|Any CPU = Debug|Any CPU
		Release|Any CPU = Release|Any CPU
	EndGlobalSection
	GlobalSection(ProjectConfigurationPlatforms) = postSolution
		{74BDE345-3E55-4E78-BC8E-3AFA8D28B0EE}.Debug|Any CPU.ActiveCfg = Debug|Any CPU
		{74BDE345-3E55-4E78-BC8E-3AFA8D28B0EE}.Debug|Any CPU.Build.0 = Debug|Any CPU
		{74BDE345-3E55-4E78-BC8E-3AFA8D28B0EE}.Release|Any CPU.ActiveCfg = Release|Any CPU
		{74BDE345-3E55-4E78-BC8E-3AFA8D28B0EE}.Release|Any CPU.Build.0 = Release|Any CPU
	EndGlobalSection
EndGlobal
